// !$*UTF8*$!
{
	archiveVersion = 1;
	classes = {
	};
	objectVersion = 50;
	objects = {

/* Begin PBXBuildFile section */
		96AFCC92B7F2D904095B563B /* libPods-123456.a in Frameworks */ = {isa = PBXBuildFile; fileRef = C409E0E730E9B5895FD010B1 /* libPods-123456.a */; };
		BA235877218706B30048503D /* AppDelegate.m in Sources */ = {isa = PBXBuildFile; fileRef = BA235876218706B30048503D /* AppDelegate.m */; };
		BA23587F218706B40048503D /* Assets.xcassets in Resources */ = {isa = PBXBuildFile; fileRef = BA23587E218706B40048503D /* Assets.xcassets */; };
		BA235885218706B40048503D /* main.m in Sources */ = {isa = PBXBuildFile; fileRef = BA235884218706B40048503D /* main.m */; };
		BA23589621883FCF0048503D /* UIImage+extension.m in Sources */ = {isa = PBXBuildFile; fileRef = BA23589521883FCF0048503D /* UIImage+extension.m */; };
		BA2358D1218849E50048503D /* LYEssenceViewController.m in Sources */ = {isa = PBXBuildFile; fileRef = BA2358A9218849E50048503D /* LYEssenceViewController.m */; };
		BA2358D2218849E50048503D /* LYFriendTrendsViewController.m in Sources */ = {isa = PBXBuildFile; fileRef = BA2358B0218849E50048503D /* LYFriendTrendsViewController.m */; };
		BA2358D3218849E50048503D /* LYNewViewController.m in Sources */ = {isa = PBXBuildFile; fileRef = BA2358B9218849E50048503D /* LYNewViewController.m */; };
		BA2358D4218849E50048503D /* LYPushViewController.m in Sources */ = {isa = PBXBuildFile; fileRef = BA2358BF218849E50048503D /* LYPushViewController.m */; };
		BA2358D5218849E50048503D /* LYNavigationController.m in Sources */ = {isa = PBXBuildFile; fileRef = BA2358C5218849E50048503D /* LYNavigationController.m */; };
		BA2358D6218849E50048503D /* LYTabBarViewController.m in Sources */ = {isa = PBXBuildFile; fileRef = BA2358C6218849E50048503D /* LYTabBarViewController.m */; };
		BA2358D7218849E50048503D /* LYMeViewController.m in Sources */ = {isa = PBXBuildFile; fileRef = BA2358CD218849E50048503D /* LYMeViewController.m */; };
		BA2358DA21884CB80048503D /* UIBarButtonItem+extension.m in Sources */ = {isa = PBXBuildFile; fileRef = BA2358D921884CB80048503D /* UIBarButtonItem+extension.m */; };
		BA2358DD21885F7A0048503D /* LYTabBar.m in Sources */ = {isa = PBXBuildFile; fileRef = BA2358DC21885F7A0048503D /* LYTabBar.m */; };
		BA2358E02189797B0048503D /* LYRecommendTagController.m in Sources */ = {isa = PBXBuildFile; fileRef = BA2358DF2189797B0048503D /* LYRecommendTagController.m */; };
		BA2358E321897C910048503D /* LYRecommendTag.m in Sources */ = {isa = PBXBuildFile; fileRef = BA2358E221897C910048503D /* LYRecommendTag.m */; };
		BA2358E621897ED70048503D /* LYRecommendTagCell.m in Sources */ = {isa = PBXBuildFile; fileRef = BA2358E521897ED70048503D /* LYRecommendTagCell.m */; };
		BA2358E92189AE830048503D /* UIView+XMGExtension.m in Sources */ = {isa = PBXBuildFile; fileRef = BA2358E72189AE830048503D /* UIView+XMGExtension.m */; };
		BA2358EC218ACF3B0048503D /* LYRecommenFollowViewController.m in Sources */ = {isa = PBXBuildFile; fileRef = BA2358EB218ACF3B0048503D /* LYRecommenFollowViewController.m */; };
		BAFA5A27218AE70A0029F58F /* LYRecmmendFollowCatCell.m in Sources */ = {isa = PBXBuildFile; fileRef = BAFA5A26218AE70A0029F58F /* LYRecmmendFollowCatCell.m */; };
		BAFA5A2A218C38F60029F58F /* LYRecommendFollowCategory.m in Sources */ = {isa = PBXBuildFile; fileRef = BAFA5A29218C38F60029F58F /* LYRecommendFollowCategory.m */; };
		BAFA5A2D218C4FBE0029F58F /* LYRecommendFollowUsers.m in Sources */ = {isa = PBXBuildFile; fileRef = BAFA5A2C218C4FBE0029F58F /* LYRecommendFollowUsers.m */; };
		BAFA5A33218FEB670029F58F /* LYRecommendFollowUsersCell.m in Sources */ = {isa = PBXBuildFile; fileRef = BAFA5A32218FEB670029F58F /* LYRecommendFollowUsersCell.m */; };
		BAFA5A36219039CF0029F58F /* LYLoginController.m in Sources */ = {isa = PBXBuildFile; fileRef = BAFA5A35219039CF0029F58F /* LYLoginController.m */; };
		BAFA5A39219166640029F58F /* LYAccountScrollView.m in Sources */ = {isa = PBXBuildFile; fileRef = BAFA5A38219166640029F58F /* LYAccountScrollView.m */; };
		BAFA5A3C219177DF0029F58F /* LYPlaveHoderTextField.m in Sources */ = {isa = PBXBuildFile; fileRef = BAFA5A3B219177DF0029F58F /* LYPlaveHoderTextField.m */; };
		BAFA5A3F21917D920029F58F /* LYFastLogin.m in Sources */ = {isa = PBXBuildFile; fileRef = BAFA5A3E21917D920029F58F /* LYFastLogin.m */; };
		BAFA5A42219184880029F58F /* LYFastLoginBtn.m in Sources */ = {isa = PBXBuildFile; fileRef = BAFA5A41219184880029F58F /* LYFastLoginBtn.m */; };
/* End PBXBuildFile section */

/* Begin PBXFileReference section */
		0FDED2BB1798BAE6415B579C /* Pods-123456.release.xcconfig */ = {isa = PBXFileReference; includeInIndex = 1; lastKnownFileType = text.xcconfig; name = "Pods-123456.release.xcconfig"; path = "Pods/Target Support Files/Pods-123456/Pods-123456.release.xcconfig"; sourceTree = "<group>"; };
		12902F3EEF3B16D0A30C55C6 /* Pods-123456.debug.xcconfig */ = {isa = PBXFileReference; includeInIndex = 1; lastKnownFileType = text.xcconfig; name = "Pods-123456.debug.xcconfig"; path = "Pods/Target Support Files/Pods-123456/Pods-123456.debug.xcconfig"; sourceTree = "<group>"; };
		BA235872218706B30048503D /* 123456.app */ = {isa = PBXFileReference; explicitFileType = wrapper.application; includeInIndex = 0; path = 123456.app; sourceTree = BUILT_PRODUCTS_DIR; };
		BA235875218706B30048503D /* AppDelegate.h */ = {isa = PBXFileReference; lastKnownFileType = sourcecode.c.h; path = AppDelegate.h; sourceTree = "<group>"; };
		BA235876218706B30048503D /* AppDelegate.m */ = {isa = PBXFileReference; lastKnownFileType = sourcecode.c.objc; path = AppDelegate.m; sourceTree = "<group>"; };
		BA23587E218706B40048503D /* Assets.xcassets */ = {isa = PBXFileReference; lastKnownFileType = folder.assetcatalog; path = Assets.xcassets; sourceTree = "<group>"; };
		BA235883218706B40048503D /* Info.plist */ = {isa = PBXFileReference; lastKnownFileType = text.plist.xml; path = Info.plist; sourceTree = "<group>"; };
		BA235884218706B40048503D /* main.m */ = {isa = PBXFileReference; lastKnownFileType = sourcecode.c.objc; path = main.m; sourceTree = "<group>"; };
		BA23589421883FCF0048503D /* UIImage+extension.h */ = {isa = PBXFileReference; lastKnownFileType = sourcecode.c.h; path = "UIImage+extension.h"; sourceTree = "<group>"; };
		BA23589521883FCF0048503D /* UIImage+extension.m */ = {isa = PBXFileReference; lastKnownFileType = sourcecode.c.objc; path = "UIImage+extension.m"; sourceTree = "<group>"; };
		BA2358A9218849E50048503D /* LYEssenceViewController.m */ = {isa = PBXFileReference; fileEncoding = 4; lastKnownFileType = sourcecode.c.objc; path = LYEssenceViewController.m; sourceTree = "<group>"; };
		BA2358AA218849E50048503D /* LYEssenceViewController.h */ = {isa = PBXFileReference; fileEncoding = 4; lastKnownFileType = sourcecode.c.h; path = LYEssenceViewController.h; sourceTree = "<group>"; };
		BA2358AF218849E50048503D /* LYFriendTrendsViewController.h */ = {isa = PBXFileReference; fileEncoding = 4; lastKnownFileType = sourcecode.c.h; path = LYFriendTrendsViewController.h; sourceTree = "<group>"; };
		BA2358B0218849E50048503D /* LYFriendTrendsViewController.m */ = {isa = PBXFileReference; fileEncoding = 4; lastKnownFileType = sourcecode.c.objc; path = LYFriendTrendsViewController.m; sourceTree = "<group>"; };
		BA2358B9218849E50048503D /* LYNewViewController.m */ = {isa = PBXFileReference; fileEncoding = 4; lastKnownFileType = sourcecode.c.objc; path = LYNewViewController.m; sourceTree = "<group>"; };
		BA2358BA218849E50048503D /* LYNewViewController.h */ = {isa = PBXFileReference; fileEncoding = 4; lastKnownFileType = sourcecode.c.h; path = LYNewViewController.h; sourceTree = "<group>"; };
		BA2358BF218849E50048503D /* LYPushViewController.m */ = {isa = PBXFileReference; fileEncoding = 4; lastKnownFileType = sourcecode.c.objc; path = LYPushViewController.m; sourceTree = "<group>"; };
		BA2358C0218849E50048503D /* LYPushViewController.h */ = {isa = PBXFileReference; fileEncoding = 4; lastKnownFileType = sourcecode.c.h; path = LYPushViewController.h; sourceTree = "<group>"; };
		BA2358C5218849E50048503D /* LYNavigationController.m */ = {isa = PBXFileReference; fileEncoding = 4; lastKnownFileType = sourcecode.c.objc; path = LYNavigationController.m; sourceTree = "<group>"; };
		BA2358C6218849E50048503D /* LYTabBarViewController.m */ = {isa = PBXFileReference; fileEncoding = 4; lastKnownFileType = sourcecode.c.objc; path = LYTabBarViewController.m; sourceTree = "<group>"; };
		BA2358C7218849E50048503D /* LYNavigationController.h */ = {isa = PBXFileReference; fileEncoding = 4; lastKnownFileType = sourcecode.c.h; path = LYNavigationController.h; sourceTree = "<group>"; };
		BA2358C8218849E50048503D /* LYTabBarViewController.h */ = {isa = PBXFileReference; fileEncoding = 4; lastKnownFileType = sourcecode.c.h; path = LYTabBarViewController.h; sourceTree = "<group>"; };
		BA2358CD218849E50048503D /* LYMeViewController.m */ = {isa = PBXFileReference; fileEncoding = 4; lastKnownFileType = sourcecode.c.objc; path = LYMeViewController.m; sourceTree = "<group>"; };
		BA2358CE218849E50048503D /* LYMeViewController.h */ = {isa = PBXFileReference; fileEncoding = 4; lastKnownFileType = sourcecode.c.h; path = LYMeViewController.h; sourceTree = "<group>"; };
		BA2358D821884CB80048503D /* UIBarButtonItem+extension.h */ = {isa = PBXFileReference; lastKnownFileType = sourcecode.c.h; path = "UIBarButtonItem+extension.h"; sourceTree = "<group>"; };
		BA2358D921884CB80048503D /* UIBarButtonItem+extension.m */ = {isa = PBXFileReference; lastKnownFileType = sourcecode.c.objc; path = "UIBarButtonItem+extension.m"; sourceTree = "<group>"; };
		BA2358DB21885F7A0048503D /* LYTabBar.h */ = {isa = PBXFileReference; lastKnownFileType = sourcecode.c.h; path = LYTabBar.h; sourceTree = "<group>"; };
		BA2358DC21885F7A0048503D /* LYTabBar.m */ = {isa = PBXFileReference; lastKnownFileType = sourcecode.c.objc; path = LYTabBar.m; sourceTree = "<group>"; };
		BA2358DE2189797B0048503D /* LYRecommendTagController.h */ = {isa = PBXFileReference; lastKnownFileType = sourcecode.c.h; path = LYRecommendTagController.h; sourceTree = "<group>"; };
		BA2358DF2189797B0048503D /* LYRecommendTagController.m */ = {isa = PBXFileReference; lastKnownFileType = sourcecode.c.objc; path = LYRecommendTagController.m; sourceTree = "<group>"; };
		BA2358E121897C910048503D /* LYRecommendTag.h */ = {isa = PBXFileReference; lastKnownFileType = sourcecode.c.h; path = LYRecommendTag.h; sourceTree = "<group>"; };
		BA2358E221897C910048503D /* LYRecommendTag.m */ = {isa = PBXFileReference; lastKnownFileType = sourcecode.c.objc; path = LYRecommendTag.m; sourceTree = "<group>"; };
		BA2358E421897ED70048503D /* LYRecommendTagCell.h */ = {isa = PBXFileReference; lastKnownFileType = sourcecode.c.h; path = LYRecommendTagCell.h; sourceTree = "<group>"; };
		BA2358E521897ED70048503D /* LYRecommendTagCell.m */ = {isa = PBXFileReference; lastKnownFileType = sourcecode.c.objc; path = LYRecommendTagCell.m; sourceTree = "<group>"; };
		BA2358E72189AE830048503D /* UIView+XMGExtension.m */ = {isa = PBXFileReference; fileEncoding = 4; lastKnownFileType = sourcecode.c.objc; path = "UIView+XMGExtension.m"; sourceTree = "<group>"; };
		BA2358E82189AE830048503D /* UIView+XMGExtension.h */ = {isa = PBXFileReference; fileEncoding = 4; lastKnownFileType = sourcecode.c.h; path = "UIView+XMGExtension.h"; sourceTree = "<group>"; };
		BA2358EA218ACF3B0048503D /* LYRecommenFollowViewController.h */ = {isa = PBXFileReference; lastKnownFileType = sourcecode.c.h; path = LYRecommenFollowViewController.h; sourceTree = "<group>"; };
		BA2358EB218ACF3B0048503D /* LYRecommenFollowViewController.m */ = {isa = PBXFileReference; lastKnownFileType = sourcecode.c.objc; path = LYRecommenFollowViewController.m; sourceTree = "<group>"; };
		BAFA5A24218AD6190029F58F /* PrefixHeader.pch */ = {isa = PBXFileReference; lastKnownFileType = sourcecode.c.h; path = PrefixHeader.pch; sourceTree = "<group>"; };
		BAFA5A25218AE70A0029F58F /* LYRecmmendFollowCatCell.h */ = {isa = PBXFileReference; lastKnownFileType = sourcecode.c.h; path = LYRecmmendFollowCatCell.h; sourceTree = "<group>"; };
		BAFA5A26218AE70A0029F58F /* LYRecmmendFollowCatCell.m */ = {isa = PBXFileReference; lastKnownFileType = sourcecode.c.objc; path = LYRecmmendFollowCatCell.m; sourceTree = "<group>"; };
		BAFA5A28218C38F60029F58F /* LYRecommendFollowCategory.h */ = {isa = PBXFileReference; lastKnownFileType = sourcecode.c.h; path = LYRecommendFollowCategory.h; sourceTree = "<group>"; };
		BAFA5A29218C38F60029F58F /* LYRecommendFollowCategory.m */ = {isa = PBXFileReference; lastKnownFileType = sourcecode.c.objc; path = LYRecommendFollowCategory.m; sourceTree = "<group>"; };
		BAFA5A2B218C4FBE0029F58F /* LYRecommendFollowUsers.h */ = {isa = PBXFileReference; lastKnownFileType = sourcecode.c.h; path = LYRecommendFollowUsers.h; sourceTree = "<group>"; };
		BAFA5A2C218C4FBE0029F58F /* LYRecommendFollowUsers.m */ = {isa = PBXFileReference; lastKnownFileType = sourcecode.c.objc; path = LYRecommendFollowUsers.m; sourceTree = "<group>"; };
		BAFA5A31218FEB670029F58F /* LYRecommendFollowUsersCell.h */ = {isa = PBXFileReference; lastKnownFileType = sourcecode.c.h; path = LYRecommendFollowUsersCell.h; sourceTree = "<group>"; };
		BAFA5A32218FEB670029F58F /* LYRecommendFollowUsersCell.m */ = {isa = PBXFileReference; lastKnownFileType = sourcecode.c.objc; path = LYRecommendFollowUsersCell.m; sourceTree = "<group>"; };
		BAFA5A34219039CF0029F58F /* LYLoginController.h */ = {isa = PBXFileReference; lastKnownFileType = sourcecode.c.h; path = LYLoginController.h; sourceTree = "<group>"; };
		BAFA5A35219039CF0029F58F /* LYLoginController.m */ = {isa = PBXFileReference; lastKnownFileType = sourcecode.c.objc; path = LYLoginController.m; sourceTree = "<group>"; };
		BAFA5A37219166640029F58F /* LYAccountScrollView.h */ = {isa = PBXFileReference; lastKnownFileType = sourcecode.c.h; path = LYAccountScrollView.h; sourceTree = "<group>"; };
		BAFA5A38219166640029F58F /* LYAccountScrollView.m */ = {isa = PBXFileReference; lastKnownFileType = sourcecode.c.objc; path = LYAccountScrollView.m; sourceTree = "<group>"; };
		BAFA5A3A219177DF0029F58F /* LYPlaveHoderTextField.h */ = {isa = PBXFileReference; lastKnownFileType = sourcecode.c.h; path = LYPlaveHoderTextField.h; sourceTree = "<group>"; };
		BAFA5A3B219177DF0029F58F /* LYPlaveHoderTextField.m */ = {isa = PBXFileReference; lastKnownFileType = sourcecode.c.objc; path = LYPlaveHoderTextField.m; sourceTree = "<group>"; };
		BAFA5A3D21917D920029F58F /* LYFastLogin.h */ = {isa = PBXFileReference; lastKnownFileType = sourcecode.c.h; path = LYFastLogin.h; sourceTree = "<group>"; };
		BAFA5A3E21917D920029F58F /* LYFastLogin.m */ = {isa = PBXFileReference; lastKnownFileType = sourcecode.c.objc; path = LYFastLogin.m; sourceTree = "<group>"; };
		BAFA5A40219184880029F58F /* LYFastLoginBtn.h */ = {isa = PBXFileReference; lastKnownFileType = sourcecode.c.h; path = LYFastLoginBtn.h; sourceTree = "<group>"; };
		BAFA5A41219184880029F58F /* LYFastLoginBtn.m */ = {isa = PBXFileReference; lastKnownFileType = sourcecode.c.objc; path = LYFastLoginBtn.m; sourceTree = "<group>"; };
		C409E0E730E9B5895FD010B1 /* libPods-123456.a */ = {isa = PBXFileReference; explicitFileType = archive.ar; includeInIndex = 0; path = "libPods-123456.a"; sourceTree = BUILT_PRODUCTS_DIR; };
/* End PBXFileReference section */

/* Begin PBXFrameworksBuildPhase section */
		BA23586F218706B30048503D /* Frameworks */ = {
			isa = PBXFrameworksBuildPhase;
			buildActionMask = 2147483647;
			files = (
				96AFCC92B7F2D904095B563B /* libPods-123456.a in Frameworks */,
			);
			runOnlyForDeploymentPostprocessing = 0;
		};
/* End PBXFrameworksBuildPhase section */

/* Begin PBXGroup section */
		34A07CE5BFCEBC87870333AB /* Frameworks */ = {
			isa = PBXGroup;
			children = (
				C409E0E730E9B5895FD010B1 /* libPods-123456.a */,
			);
			name = Frameworks;
			sourceTree = "<group>";
		};
		880AEDC291CA6A093D36D430 /* Pods */ = {
			isa = PBXGroup;
			children = (
				12902F3EEF3B16D0A30C55C6 /* Pods-123456.debug.xcconfig */,
				0FDED2BB1798BAE6415B579C /* Pods-123456.release.xcconfig */,
			);
			name = Pods;
			sourceTree = "<group>";
		};
		BA235869218706B30048503D = {
			isa = PBXGroup;
			children = (
				BA235874218706B30048503D /* 123456 */,
				BA235873218706B30048503D /* Products */,
				880AEDC291CA6A093D36D430 /* Pods */,
				34A07CE5BFCEBC87870333AB /* Frameworks */,
			);
			sourceTree = "<group>";
		};
		BA235873218706B30048503D /* Products */ = {
			isa = PBXGroup;
			children = (
				BA235872218706B30048503D /* 123456.app */,
			);
			name = Products;
			sourceTree = "<group>";
		};
		BA235874218706B30048503D /* 123456 */ = {
			isa = PBXGroup;
			children = (
				BA2358A6218849E50048503D /* Class */,
				BA23587E218706B40048503D /* Assets.xcassets */,
				BA235883218706B40048503D /* Info.plist */,
				BA235884218706B40048503D /* main.m */,
			);
			path = 123456;
			sourceTree = "<group>";
		};
		BA2358A6218849E50048503D /* Class */ = {
			isa = PBXGroup;
			children = (
				BA2358A7218849E50048503D /* Essence - 精华 */,
				BA2358AD218849E50048503D /* Frendtrend - 关注 */,
				BA2358B3218849E50048503D /* Other */,
				BA2358B7218849E50048503D /* New - 新帖 */,
				BA2358BD218849E50048503D /* Publish - 发布 */,
				BA2358C3218849E50048503D /* Main */,
				BA2358CB218849E50048503D /* Me - 我 */,
			);
			path = Class;
			sourceTree = SOURCE_ROOT;
		};
		BA2358A7218849E50048503D /* Essence - 精华 */ = {
			isa = PBXGroup;
			children = (
				BA2358A8218849E50048503D /* controller */,
				BA2358AB218849E50048503D /* model */,
				BA2358AC218849E50048503D /* view */,
			);
			path = "Essence - 精华";
			sourceTree = "<group>";
		};
		BA2358A8218849E50048503D /* controller */ = {
			isa = PBXGroup;
			children = (
				BA2358AA218849E50048503D /* LYEssenceViewController.h */,
				BA2358A9218849E50048503D /* LYEssenceViewController.m */,
				BA2358DE2189797B0048503D /* LYRecommendTagController.h */,
				BA2358DF2189797B0048503D /* LYRecommendTagController.m */,
			);
			path = controller;
			sourceTree = "<group>";
		};
		BA2358AB218849E50048503D /* model */ = {
			isa = PBXGroup;
			children = (
				BA2358E121897C910048503D /* LYRecommendTag.h */,
				BA2358E221897C910048503D /* LYRecommendTag.m */,
			);
			path = model;
			sourceTree = "<group>";
		};
		BA2358AC218849E50048503D /* view */ = {
			isa = PBXGroup;
			children = (
				BA2358E421897ED70048503D /* LYRecommendTagCell.h */,
				BA2358E521897ED70048503D /* LYRecommendTagCell.m */,
			);
			path = view;
			sourceTree = "<group>";
		};
		BA2358AD218849E50048503D /* Frendtrend - 关注 */ = {
			isa = PBXGroup;
			children = (
				BA2358AE218849E50048503D /* controller */,
				BA2358B1218849E50048503D /* model */,
				BA2358B2218849E50048503D /* view */,
			);
			path = "Frendtrend - 关注";
			sourceTree = "<group>";
		};
		BA2358AE218849E50048503D /* controller */ = {
			isa = PBXGroup;
			children = (
				BA2358AF218849E50048503D /* LYFriendTrendsViewController.h */,
				BA2358B0218849E50048503D /* LYFriendTrendsViewController.m */,
				BA2358EA218ACF3B0048503D /* LYRecommenFollowViewController.h */,
				BA2358EB218ACF3B0048503D /* LYRecommenFollowViewController.m */,
				BAFA5A34219039CF0029F58F /* LYLoginController.h */,
				BAFA5A35219039CF0029F58F /* LYLoginController.m */,
			);
			path = controller;
			sourceTree = "<group>";
		};
		BA2358B1218849E50048503D /* model */ = {
			isa = PBXGroup;
			children = (
				BAFA5A28218C38F60029F58F /* LYRecommendFollowCategory.h */,
				BAFA5A29218C38F60029F58F /* LYRecommendFollowCategory.m */,
				BAFA5A2B218C4FBE0029F58F /* LYRecommendFollowUsers.h */,
				BAFA5A2C218C4FBE0029F58F /* LYRecommendFollowUsers.m */,
			);
			path = model;
			sourceTree = "<group>";
		};
		BA2358B2218849E50048503D /* view */ = {
			isa = PBXGroup;
			children = (
				BAFA5A25218AE70A0029F58F /* LYRecmmendFollowCatCell.h */,
				BAFA5A26218AE70A0029F58F /* LYRecmmendFollowCatCell.m */,
				BAFA5A31218FEB670029F58F /* LYRecommendFollowUsersCell.h */,
				BAFA5A32218FEB670029F58F /* LYRecommendFollowUsersCell.m */,
				BAFA5A37219166640029F58F /* LYAccountScrollView.h */,
				BAFA5A38219166640029F58F /* LYAccountScrollView.m */,
				BAFA5A3A219177DF0029F58F /* LYPlaveHoderTextField.h */,
				BAFA5A3B219177DF0029F58F /* LYPlaveHoderTextField.m */,
				BAFA5A3D21917D920029F58F /* LYFastLogin.h */,
				BAFA5A3E21917D920029F58F /* LYFastLogin.m */,
				BAFA5A40219184880029F58F /* LYFastLoginBtn.h */,
				BAFA5A41219184880029F58F /* LYFastLoginBtn.m */,
			);
			path = view;
			sourceTree = "<group>";
		};
		BA2358B3218849E50048503D /* Other */ = {
			isa = PBXGroup;
			children = (
				BA2358B4218849E50048503D /* controller */,
				BA2358B5218849E50048503D /* model */,
				BA2358B6218849E50048503D /* view */,
				BAFA5A24218AD6190029F58F /* PrefixHeader.pch */,
			);
			path = Other;
			sourceTree = "<group>";
		};
		BA2358B4218849E50048503D /* controller */ = {
			isa = PBXGroup;
			children = (
			);
			path = controller;
			sourceTree = "<group>";
		};
		BA2358B5218849E50048503D /* model */ = {
			isa = PBXGroup;
			children = (
			);
			path = model;
			sourceTree = "<group>";
		};
		BA2358B6218849E50048503D /* view */ = {
			isa = PBXGroup;
			children = (
				BA2358E82189AE830048503D /* UIView+XMGExtension.h */,
				BA2358E72189AE830048503D /* UIView+XMGExtension.m */,
				BA23589421883FCF0048503D /* UIImage+extension.h */,
				BA23589521883FCF0048503D /* UIImage+extension.m */,
				BA2358D821884CB80048503D /* UIBarButtonItem+extension.h */,
				BA2358D921884CB80048503D /* UIBarButtonItem+extension.m */,
			);
			path = view;
			sourceTree = "<group>";
		};
		BA2358B7218849E50048503D /* New - 新帖 */ = {
			isa = PBXGroup;
			children = (
				BA2358B8218849E50048503D /* controller */,
				BA2358BB218849E50048503D /* model */,
				BA2358BC218849E50048503D /* view */,
			);
			path = "New - 新帖";
			sourceTree = "<group>";
		};
		BA2358B8218849E50048503D /* controller */ = {
			isa = PBXGroup;
			children = (
				BA2358BA218849E50048503D /* LYNewViewController.h */,
				BA2358B9218849E50048503D /* LYNewViewController.m */,
			);
			path = controller;
			sourceTree = "<group>";
		};
		BA2358BB218849E50048503D /* model */ = {
			isa = PBXGroup;
			children = (
			);
			path = model;
			sourceTree = "<group>";
		};
		BA2358BC218849E50048503D /* view */ = {
			isa = PBXGroup;
			children = (
			);
			path = view;
			sourceTree = "<group>";
		};
		BA2358BD218849E50048503D /* Publish - 发布 */ = {
			isa = PBXGroup;
			children = (
				BA2358BE218849E50048503D /* controller */,
				BA2358C1218849E50048503D /* model */,
				BA2358C2218849E50048503D /* view */,
			);
			path = "Publish - 发布";
			sourceTree = "<group>";
		};
		BA2358BE218849E50048503D /* controller */ = {
			isa = PBXGroup;
			children = (
				BA2358BF218849E50048503D /* LYPushViewController.m */,
				BA2358C0218849E50048503D /* LYPushViewController.h */,
			);
			path = controller;
			sourceTree = "<group>";
		};
		BA2358C1218849E50048503D /* model */ = {
			isa = PBXGroup;
			children = (
			);
			path = model;
			sourceTree = "<group>";
		};
		BA2358C2218849E50048503D /* view */ = {
			isa = PBXGroup;
			children = (
			);
			path = view;
			sourceTree = "<group>";
		};
		BA2358C3218849E50048503D /* Main */ = {
			isa = PBXGroup;
			children = (
				BA235875218706B30048503D /* AppDelegate.h */,
				BA235876218706B30048503D /* AppDelegate.m */,
				BA2358C4218849E50048503D /* controller */,
				BA2358C9218849E50048503D /* model */,
				BA2358CA218849E50048503D /* view */,
			);
			path = Main;
			sourceTree = "<group>";
		};
		BA2358C4218849E50048503D /* controller */ = {
			isa = PBXGroup;
			children = (
				BA2358C7218849E50048503D /* LYNavigationController.h */,
				BA2358C5218849E50048503D /* LYNavigationController.m */,
				BA2358C8218849E50048503D /* LYTabBarViewController.h */,
				BA2358C6218849E50048503D /* LYTabBarViewController.m */,
			);
			path = controller;
			sourceTree = "<group>";
		};
		BA2358C9218849E50048503D /* model */ = {
			isa = PBXGroup;
			children = (
			);
			path = model;
			sourceTree = "<group>";
		};
		BA2358CA218849E50048503D /* view */ = {
			isa = PBXGroup;
			children = (
				BA2358DB21885F7A0048503D /* LYTabBar.h */,
				BA2358DC21885F7A0048503D /* LYTabBar.m */,
			);
			path = view;
			sourceTree = "<group>";
		};
		BA2358CB218849E50048503D /* Me - 我 */ = {
			isa = PBXGroup;
			children = (
				BA2358CC218849E50048503D /* controller */,
				BA2358CF218849E50048503D /* model */,
				BA2358D0218849E50048503D /* view */,
			);
			path = "Me - 我";
			sourceTree = "<group>";
		};
		BA2358CC218849E50048503D /* controller */ = {
			isa = PBXGroup;
			children = (
				BA2358CE218849E50048503D /* LYMeViewController.h */,
				BA2358CD218849E50048503D /* LYMeViewController.m */,
			);
			path = controller;
			sourceTree = "<group>";
		};
		BA2358CF218849E50048503D /* model */ = {
			isa = PBXGroup;
			children = (
			);
			path = model;
			sourceTree = "<group>";
		};
		BA2358D0218849E50048503D /* view */ = {
			isa = PBXGroup;
			children = (
			);
			path = view;
			sourceTree = "<group>";
		};
/* End PBXGroup section */

/* Begin PBXNativeTarget section */
		BA235871218706B30048503D /* 123456 */ = {
			isa = PBXNativeTarget;
			buildConfigurationList = BA235888218706B40048503D /* Build configuration list for PBXNativeTarget "123456" */;
			buildPhases = (
				F4B401D787F733BACD445275 /* [CP] Check Pods Manifest.lock */,
				BA23586E218706B30048503D /* Sources */,
				BA23586F218706B30048503D /* Frameworks */,
				BA235870218706B30048503D /* Resources */,
				8928C4F39FEC7D1F27368CA8 /* [CP] Copy Pods Resources */,
			);
			buildRules = (
			);
			dependencies = (
			);
			name = 123456;
			productName = 123456;
			productReference = BA235872218706B30048503D /* 123456.app */;
			productType = "com.apple.product-type.application";
		};
/* End PBXNativeTarget section */

/* Begin PBXProject section */
		BA23586A218706B30048503D /* Project object */ = {
			isa = PBXProject;
			attributes = {
				LastUpgradeCheck = 1000;
				ORGANIZATIONNAME = LY;
				TargetAttributes = {
					BA235871218706B30048503D = {
						CreatedOnToolsVersion = 10.0;
					};
				};
			};
			buildConfigurationList = BA23586D218706B30048503D /* Build configuration list for PBXProject "123456" */;
			compatibilityVersion = "Xcode 9.3";
			developmentRegion = en;
			hasScannedForEncodings = 0;
			knownRegions = (
				en,
				Base,
			);
			mainGroup = BA235869218706B30048503D;
			productRefGroup = BA235873218706B30048503D /* Products */;
			projectDirPath = "";
			projectRoot = "";
			targets = (
				BA235871218706B30048503D /* 123456 */,
			);
		};
/* End PBXProject section */

/* Begin PBXResourcesBuildPhase section */
		BA235870218706B30048503D /* Resources */ = {
			isa = PBXResourcesBuildPhase;
			buildActionMask = 2147483647;
			files = (
				BA23587F218706B40048503D /* Assets.xcassets in Resources */,
			);
			runOnlyForDeploymentPostprocessing = 0;
		};
/* End PBXResourcesBuildPhase section */

/* Begin PBXShellScriptBuildPhase section */
		8928C4F39FEC7D1F27368CA8 /* [CP] Copy Pods Resources */ = {
			isa = PBXShellScriptBuildPhase;
			buildActionMask = 2147483647;
			files = (
			);
			inputPaths = (
				"${SRCROOT}/Pods/Target Support Files/Pods-123456/Pods-123456-resources.sh",
				"${PODS_ROOT}/MJRefresh/MJRefresh/MJRefresh.bundle",
				"${PODS_ROOT}/SVProgressHUD/SVProgressHUD/SVProgressHUD.bundle",
			);
			name = "[CP] Copy Pods Resources";
			outputPaths = (
				"${TARGET_BUILD_DIR}/${UNLOCALIZED_RESOURCES_FOLDER_PATH}/MJRefresh.bundle",
				"${TARGET_BUILD_DIR}/${UNLOCALIZED_RESOURCES_FOLDER_PATH}/SVProgressHUD.bundle",
			);
			runOnlyForDeploymentPostprocessing = 0;
			shellPath = /bin/sh;
			shellScript = "\"${SRCROOT}/Pods/Target Support Files/Pods-123456/Pods-123456-resources.sh\"\n";
			showEnvVarsInLog = 0;
		};
		F4B401D787F733BACD445275 /* [CP] Check Pods Manifest.lock */ = {
			isa = PBXShellScriptBuildPhase;
			buildActionMask = 2147483647;
			files = (
			);
			inputPaths = (
				"${PODS_PODFILE_DIR_PATH}/Podfile.lock",
				"${PODS_ROOT}/Manifest.lock",
			);
			name = "[CP] Check Pods Manifest.lock";
			outputPaths = (
				"$(DERIVED_FILE_DIR)/Pods-123456-checkManifestLockResult.txt",
			);
			runOnlyForDeploymentPostprocessing = 0;
			shellPath = /bin/sh;
			shellScript = "diff \"${PODS_PODFILE_DIR_PATH}/Podfile.lock\" \"${PODS_ROOT}/Manifest.lock\" > /dev/null\nif [ $? != 0 ] ; then\n    # print error to STDERR\n    echo \"error: The sandbox is not in sync with the Podfile.lock. Run 'pod install' or update your CocoaPods installation.\" >&2\n    exit 1\nfi\n# This output is used by Xcode 'outputs' to avoid re-running this script phase.\necho \"SUCCESS\" > \"${SCRIPT_OUTPUT_FILE_0}\"\n";
			showEnvVarsInLog = 0;
		};
/* End PBXShellScriptBuildPhase section */

/* Begin PBXSourcesBuildPhase section */
		BA23586E218706B30048503D /* Sources */ = {
			isa = PBXSourcesBuildPhase;
			buildActionMask = 2147483647;
			files = (
				BA2358E321897C910048503D /* LYRecommendTag.m in Sources */,
				BA2358D3218849E50048503D /* LYNewViewController.m in Sources */,
				BA23589621883FCF0048503D /* UIImage+extension.m in Sources */,
				BAFA5A27218AE70A0029F58F /* LYRecmmendFollowCatCell.m in Sources */,
				BA2358DD21885F7A0048503D /* LYTabBar.m in Sources */,
				BA235885218706B40048503D /* main.m in Sources */,
				BA235877218706B30048503D /* AppDelegate.m in Sources */,
				BAFA5A42219184880029F58F /* LYFastLoginBtn.m in Sources */,
				BA2358D2218849E50048503D /* LYFriendTrendsViewController.m in Sources */,
				BAFA5A2A218C38F60029F58F /* LYRecommendFollowCategory.m in Sources */,
				BA2358EC218ACF3B0048503D /* LYRecommenFollowViewController.m in Sources */,
				BA2358D4218849E50048503D /* LYPushViewController.m in Sources */,
				BA2358E02189797B0048503D /* LYRecommendTagController.m in Sources */,
				BA2358D5218849E50048503D /* LYNavigationController.m in Sources */,
				BA2358E621897ED70048503D /* LYRecommendTagCell.m in Sources */,
				BA2358D6218849E50048503D /* LYTabBarViewController.m in Sources */,
				BA2358D1218849E50048503D /* LYEssenceViewController.m in Sources */,
				BA2358E92189AE830048503D /* UIView+XMGExtension.m in Sources */,
				BAFA5A3F21917D920029F58F /* LYFastLogin.m in Sources */,
				BAFA5A33218FEB670029F58F /* LYRecommendFollowUsersCell.m in Sources */,
				BAFA5A3C219177DF0029F58F /* LYPlaveHoderTextField.m in Sources */,
				BA2358DA21884CB80048503D /* UIBarButtonItem+extension.m in Sources */,
				BA2358D7218849E50048503D /* LYMeViewController.m in Sources */,
				BAFA5A39219166640029F58F /* LYAccountScrollView.m in Sources */,
				BAFA5A36219039CF0029F58F /* LYLoginController.m in Sources */,
				BAFA5A2D218C4FBE0029F58F /* LYRecommendFollowUsers.m in Sources */,
			);
			runOnlyForDeploymentPostprocessing = 0;
		};
/* End PBXSourcesBuildPhase section */

/* Begin XCBuildConfiguration section */
		BA235886218706B40048503D /* Debug */ = {
			isa = XCBuildConfiguration;
			buildSettings = {
				ALWAYS_SEARCH_USER_PATHS = NO;
				CLANG_ANALYZER_NONNULL = YES;
				CLANG_ANALYZER_NUMBER_OBJECT_CONVERSION = YES_AGGRESSIVE;
				CLANG_CXX_LANGUAGE_STANDARD = "gnu++14";
				CLANG_CXX_LIBRARY = "libc++";
				CLANG_ENABLE_MODULES = YES;
				CLANG_ENABLE_OBJC_ARC = YES;
				CLANG_ENABLE_OBJC_WEAK = YES;
				CLANG_WARN_BLOCK_CAPTURE_AUTORELEASING = YES;
				CLANG_WARN_BOOL_CONVERSION = YES;
				CLANG_WARN_COMMA = YES;
				CLANG_WARN_CONSTANT_CONVERSION = YES;
				CLANG_WARN_DEPRECATED_OBJC_IMPLEMENTATIONS = YES;
				CLANG_WARN_DIRECT_OBJC_ISA_USAGE = YES_ERROR;
				CLANG_WARN_DOCUMENTATION_COMMENTS = YES;
				CLANG_WARN_EMPTY_BODY = YES;
				CLANG_WARN_ENUM_CONVERSION = YES;
				CLANG_WARN_INFINITE_RECURSION = YES;
				CLANG_WARN_INT_CONVERSION = YES;
				CLANG_WARN_NON_LITERAL_NULL_CONVERSION = YES;
				CLANG_WARN_OBJC_IMPLICIT_RETAIN_SELF = YES;
				CLANG_WARN_OBJC_LITERAL_CONVERSION = YES;
				CLANG_WARN_OBJC_ROOT_CLASS = YES_ERROR;
				CLANG_WARN_RANGE_LOOP_ANALYSIS = YES;
				CLANG_WARN_STRICT_PROTOTYPES = YES;
				CLANG_WARN_SUSPICIOUS_MOVE = YES;
				CLANG_WARN_UNGUARDED_AVAILABILITY = YES_AGGRESSIVE;
				CLANG_WARN_UNREACHABLE_CODE = YES;
				CLANG_WARN__DUPLICATE_METHOD_MATCH = YES;
				CODE_SIGN_IDENTITY = "iPhone Developer";
				COPY_PHASE_STRIP = NO;
				DEBUG_INFORMATION_FORMAT = dwarf;
				ENABLE_STRICT_OBJC_MSGSEND = YES;
				ENABLE_TESTABILITY = YES;
				GCC_C_LANGUAGE_STANDARD = gnu11;
				GCC_DYNAMIC_NO_PIC = NO;
				GCC_NO_COMMON_BLOCKS = YES;
				GCC_OPTIMIZATION_LEVEL = 0;
				GCC_PREPROCESSOR_DEFINITIONS = (
					"DEBUG=1",
					"$(inherited)",
				);
				GCC_WARN_64_TO_32_BIT_CONVERSION = YES;
				GCC_WARN_ABOUT_RETURN_TYPE = YES_ERROR;
				GCC_WARN_UNDECLARED_SELECTOR = YES;
				GCC_WARN_UNINITIALIZED_AUTOS = YES_AGGRESSIVE;
				GCC_WARN_UNUSED_FUNCTION = YES;
				GCC_WARN_UNUSED_VARIABLE = YES;
				IPHONEOS_DEPLOYMENT_TARGET = 12.0;
				MTL_ENABLE_DEBUG_INFO = INCLUDE_SOURCE;
				MTL_FAST_MATH = YES;
				ONLY_ACTIVE_ARCH = YES;
				SDKROOT = iphoneos;
			};
			name = Debug;
		};
		BA235887218706B40048503D /* Release */ = {
			isa = XCBuildConfiguration;
			buildSettings = {
				ALWAYS_SEARCH_USER_PATHS = NO;
				CLANG_ANALYZER_NONNULL = YES;
				CLANG_ANALYZER_NUMBER_OBJECT_CONVERSION = YES_AGGRESSIVE;
				CLANG_CXX_LANGUAGE_STANDARD = "gnu++14";
				CLANG_CXX_LIBRARY = "libc++";
				CLANG_ENABLE_MODULES = YES;
				CLANG_ENABLE_OBJC_ARC = YES;
				CLANG_ENABLE_OBJC_WEAK = YES;
				CLANG_WARN_BLOCK_CAPTURE_AUTORELEASING = YES;
				CLANG_WARN_BOOL_CONVERSION = YES;
				CLANG_WARN_COMMA = YES;
				CLANG_WARN_CONSTANT_CONVERSION = YES;
				CLANG_WARN_DEPRECATED_OBJC_IMPLEMENTATIONS = YES;
				CLANG_WARN_DIRECT_OBJC_ISA_USAGE = YES_ERROR;
				CLANG_WARN_DOCUMENTATION_COMMENTS = YES;
				CLANG_WARN_EMPTY_BODY = YES;
				CLANG_WARN_ENUM_CONVERSION = YES;
				CLANG_WARN_INFINITE_RECURSION = YES;
				CLANG_WARN_INT_CONVERSION = YES;
				CLANG_WARN_NON_LITERAL_NULL_CONVERSION = YES;
				CLANG_WARN_OBJC_IMPLICIT_RETAIN_SELF = YES;
				CLANG_WARN_OBJC_LITERAL_CONVERSION = YES;
				CLANG_WARN_OBJC_ROOT_CLASS = YES_ERROR;
				CLANG_WARN_RANGE_LOOP_ANALYSIS = YES;
				CLANG_WARN_STRICT_PROTOTYPES = YES;
				CLANG_WARN_SUSPICIOUS_MOVE = YES;
				CLANG_WARN_UNGUARDED_AVAILABILITY = YES_AGGRESSIVE;
				CLANG_WARN_UNREACHABLE_CODE = YES;
				CLANG_WARN__DUPLICATE_METHOD_MATCH = YES;
				CODE_SIGN_IDENTITY = "iPhone Developer";
				COPY_PHASE_STRIP = NO;
				DEBUG_INFORMATION_FORMAT = "dwarf-with-dsym";
				ENABLE_NS_ASSERTIONS = NO;
				ENABLE_STRICT_OBJC_MSGSEND = YES;
				GCC_C_LANGUAGE_STANDARD = gnu11;
				GCC_NO_COMMON_BLOCKS = YES;
				GCC_WARN_64_TO_32_BIT_CONVERSION = YES;
				GCC_WARN_ABOUT_RETURN_TYPE = YES_ERROR;
				GCC_WARN_UNDECLARED_SELECTOR = YES;
				GCC_WARN_UNINITIALIZED_AUTOS = YES_AGGRESSIVE;
				GCC_WARN_UNUSED_FUNCTION = YES;
				GCC_WARN_UNUSED_VARIABLE = YES;
				IPHONEOS_DEPLOYMENT_TARGET = 12.0;
				MTL_ENABLE_DEBUG_INFO = NO;
				MTL_FAST_MATH = YES;
				SDKROOT = iphoneos;
				VALIDATE_PRODUCT = YES;
			};
			name = Release;
		};
		BA235889218706B40048503D /* Debug */ = {
			isa = XCBuildConfiguration;
			baseConfigurationReference = 12902F3EEF3B16D0A30C55C6 /* Pods-123456.debug.xcconfig */;
			buildSettings = {
				ASSETCATALOG_COMPILER_APPICON_NAME = AppIcon;
				CODE_SIGN_STYLE = Automatic;
				GCC_PRECOMPILE_PREFIX_HEADER = YES;
				GCC_PREFIX_HEADER = /Users/liyan/Desktop/123456/123456/Class/Other/PrefixHeader.pch;
				INFOPLIST_FILE = 123456/Info.plist;
				LD_RUNPATH_SEARCH_PATHS = (
					"$(inherited)",
					"@executable_path/Frameworks",
				);
				PRODUCT_BUNDLE_IDENTIFIER = "-23.-23456";
				PRODUCT_NAME = "$(TARGET_NAME)";
				TARGETED_DEVICE_FAMILY = "1,2";
			};
			name = Debug;
		};
		BA23588A218706B40048503D /* Release */ = {
			isa = XCBuildConfiguration;
			baseConfigurationReference = 0FDED2BB1798BAE6415B579C /* Pods-123456.release.xcconfig */;
			buildSettings = {
				ASSETCATALOG_COMPILER_APPICON_NAME = AppIcon;
				CODE_SIGN_STYLE = Automatic;
				GCC_PRECOMPILE_PREFIX_HEADER = YES;
				GCC_PREFIX_HEADER = /Users/liyan/Desktop/123456/123456/Class/Other/PrefixHeader.pch;
				INFOPLIST_FILE = 123456/Info.plist;
				LD_RUNPATH_SEARCH_PATHS = (
					"$(inherited)",
					"@executable_path/Frameworks",
				);
				PRODUCT_BUNDLE_IDENTIFIER = "-23.-23456";
				PRODUCT_NAME = "$(TARGET_NAME)";
				TARGETED_DEVICE_FAMILY = "1,2";
			};
			name = Release;
		};
/* End XCBuildConfiguration section */

/* Begin XCConfigurationList section */
		BA23586D218706B30048503D /* Build configuration list for PBXProject "123456" */ = {
			isa = XCConfigurationList;
			buildConfigurations = (
				BA235886218706B40048503D /* Debug */,
				BA235887218706B40048503D /* Release */,
			);
			defaultConfigurationIsVisible = 0;
			defaultConfigurationName = Release;
		};
		BA235888218706B40048503D /* Build configuration list for PBXNativeTarget "123456" */ = {
			isa = XCConfigurationList;
			buildConfigurations = (
				BA235889218706B40048503D /* Debug */,
				BA23588A218706B40048503D /* Release */,
			);
			defaultConfigurationIsVisible = 0;
			defaultConfigurationName = Release;
		};
/* End XCConfigurationList section */
	};
	rootObject = BA23586A218706B30048503D /* Project object */;
}
